{
  "name": "loading-the-library-in-node",
  "version": "1.0.0",
  "lockfileVersion": 2,
  "requires": true,
  "packages": {
    "": {
      "name": "loading-the-library-in-node",
      "version": "1.0.0",
      "license": "ISC",
      "dependencies": {
        "@elena-german/ajs": "^1.0.0"
      }
    },
    "node_modules/@elena-german/ajs": {
      "version": "1.0.0",
      "resolved": "https://npm.pkg.github.com/download/@elena-german/ajs/1.0.0/4d2bd9a50b43f8af4d41b424fea646cffd19b5da",
      "integrity": "sha512-NTso2+bXRThNU7y9afRlvAfvTh8I0+QmqqHYsS380AmI+Q3xFmzz1ItWN39llsSKwCnAEy0Nv2CL/mXbr5lh6g==",
      "license": "ISC"
    }
  },
  "dependencies": {
    "@elena-german/ajs": {
      "version": "1.0.0",
      "resolved": "https://npm.pkg.github.com/download/@elena-german/ajs/1.0.0/4d2bd9a50b43f8af4d41b424fea646cffd19b5da",
      "integrity": "sha512-NTso2+bXRThNU7y9afRlvAfvTh8I0+QmqqHYsS380AmI+Q3xFmzz1ItWN39llsSKwCnAEy0Nv2CL/mXbr5lh6g=="
    }
  }
}
